// !$*UTF8*$!
{
	archiveVersion = 1;
	classes = {
	};
	objectVersion = 46;
	objects = {

/* Begin PBXBuildFile section */
		F288F77A19A4B2C200D73CBC /* main.swift in Sources */ = {isa = PBXBuildFile; fileRef = F288F77919A4B2C200D73CBC /* main.swift */; };
		F288F78119A4B35600D73CBC /* README.md in Sources */ = {isa = PBXBuildFile; fileRef = F288F78019A4B35600D73CBC /* README.md */; };
/* End PBXBuildFile section */

/* Begin PBXCopyFilesBuildPhase section */
		F288F77419A4B2C200D73CBC /* CopyFiles */ = {
			isa = PBXCopyFilesBuildPhase;
			buildActionMask = 2147483647;
			dstPath = /usr/share/man/man1/;
			dstSubfolderSpec = 0;
			files = (
			);
			runOnlyForDeploymentPostprocessing = 1;
		};
/* End PBXCopyFilesBuildPhase section */

/* Begin PBXFileReference section */
		F288F77619A4B2C200D73CBC /* bscan */ = {isa = PBXFileReference; explicitFileType = "compiled.mach-o.executable"; includeInIndex = 0; path = bscan; sourceTree = BUILT_PRODUCTS_DIR; };
		F288F77919A4B2C200D73CBC /* main.swift */ = {isa = PBXFileReference; lastKnownFileType = sourcecode.swift; path = main.swift; sourceTree = "<group>"; };
		F288F78019A4B35600D73CBC /* README.md */ = {isa = PBXFileReference; fileEncoding = 4; lastKnownFileType = net.daringfireball.markdown; path = README.md; sourceTree = "<group>"; };
/* End PBXFileReference section */

/* Begin PBXFrameworksBuildPhase section */
		F288F77319A4B2C200D73CBC /* Frameworks */ = {
			isa = PBXFrameworksBuildPhase;
			buildActionMask = 2147483647;
			files = (
			);
			runOnlyForDeploymentPostprocessing = 0;
		};
/* End PBXFrameworksBuildPhase section */

/* Begin PBXGroup section */
		F288F76D19A4B2C200D73CBC = {
			isa = PBXGroup;
			children = (
				F288F78019A4B35600D73CBC /* README.md */,
				F288F77819A4B2C200D73CBC /* bscan */,
				F288F77719A4B2C200D73CBC /* Products */,
			);
			sourceTree = "<group>";
		};
		F288F77719A4B2C200D73CBC /* Products */ = {
			isa = PBXGroup;
			children = (
				F288F77619A4B2C200D73CBC /* bscan */,
			);
			name = Products;
			sourceTree = "<group>";
		};
		F288F77819A4B2C200D73CBC /* bscan */ = {
			isa = PBXGroup;
			children = (
				F288F77919A4B2C200D73CBC /* main.swift */,
			);
			path = bscan;
			sourceTree = "<group>";
		};
/* End PBXGroup section */

/* Begin PBXNativeTarget section */
		F288F77519A4B2C200D73CBC /* bscan */ = {
			isa = PBXNativeTarget;
			buildConfigurationList = F288F77D19A4B2C200D73CBC /* Build configuration list for PBXNativeTarget "bscan" */;
			buildPhases = (
				F288F77219A4B2C200D73CBC /* Sources */,
				F288F77319A4B2C200D73CBC /* Frameworks */,
				F288F77419A4B2C200D73CBC /* CopyFiles */,
			);
			buildRules = (
			);
			dependencies = (
			);
			name = bscan;
			productName = bscan;
			productReference = F288F77619A4B2C200D73CBC /* bscan */;
			productType = "com.apple.product-type.tool";
		};
/* End PBXNativeTarget section */

/* Begin PBXProject section */
		F288F76E19A4B2C200D73CBC /* Project object */ = {
			isa = PBXProject;
			attributes = {
				LastUpgradeCheck = 0600;
				ORGANIZATIONNAME = morfeusys;
				TargetAttributes = {
					F288F77519A4B2C200D73CBC = {
						CreatedOnToolsVersion = 6.0;
					};
				};
			};
			buildConfigurationList = F288F77119A4B2C200D73CBC /* Build configuration list for PBXProject "bscan" */;
			compatibilityVersion = "Xcode 3.2";
			developmentRegion = English;
			hasScannedForEncodings = 0;
			knownRegions = (
				en,
			);
			mainGroup = F288F76D19A4B2C200D73CBC;
			productRefGroup = F288F77719A4B2C200D73CBC /* Products */;
			projectDirPath = "";
			projectRoot = "";
			targets = (
				F288F77519A4B2C200D73CBC /* bscan */,
			);
		};
/* End PBXProject section */

/* Begin PBXSourcesBuildPhase section */
		F288F77219A4B2C200D73CBC /* Sources */ = {
			isa = PBXSourcesBuildPhase;
			buildActionMask = 2147483647;
			files = (
				F288F78119A4B35600D73CBC /* README.md in Sources */,
				F288F77A19A4B2C200D73CBC /* main.swift in Sources */,
			);
			runOnlyForDeploymentPostprocessing = 0;
		};
/* End PBXSourcesBuildPhase section */

/* Begin XCBuildConfiguration section */
		F288F77B19A4B2C200D73CBC /* Debug */ = {
			isa = XCBuildConfiguration;
			buildSettings = {
				ALWAYS_SEARCH_USER_PATHS = NO;
				CLANG_CXX_LANGUAGE_STANDARD = "gnu++0x";
				CLANG_CXX_LIBRARY = "libc++";
				CLANG_ENABLE_MODULES = YES;
				CLANG_ENABLE_OBJC_ARC = YES;
				CLANG_WARN_BOOL_CONVERSION = YES;
				CLANG_WARN_CONSTANT_CONVERSION = YES;
				CLANG_WARN_DIRECT_OBJC_ISA_USAGE = YES_ERROR;
				CLANG_WARN_EMPTY_BODY = YES;
				CLANG_WARN_ENUM_CONVERSION = YES;
				CLANG_WARN_INT_CONVERSION = YES;
				CLANG_WARN_OBJC_ROOT_CLASS = YES_ERROR;
				CLANG_WARN_UNREACHABLE_CODE = YES;
				CLANG_WARN__DUPLICATE_METHOD_MATCH = YES;
				COPY_PHASE_STRIP = NO;
				ENABLE_STRICT_OBJC_MSGSEND = YES;
				GCC_C_LANGUAGE_STANDARD = gnu99;
				GCC_DYNAMIC_NO_PIC = NO;
				GCC_OPTIMIZATION_LEVEL = 0;
				GCC_PREPROCESSOR_DEFINITIONS = (
					"DEBUG=1",
					"$(inherited)",
				);
				GCC_SYMBOLS_PRIVATE_EXTERN = NO;
				GCC_WARN_64_TO_32_BIT_CONVERSION = YES;
				GCC_WARN_ABOUT_RETURN_TYPE = YES_ERROR;
				GCC_WARN_UNDECLARED_SELECTOR = YES;
				GCC_WARN_UNINITIALIZED_AUTOS = YES_AGGRESSIVE;
				GCC_WARN_UNUSED_FUNCTION = YES;
				GCC_WARN_UNUSED_VARIABLE = YES;
				MACOSX_DEPLOYMENT_TARGET = 10.9;
				MTL_ENABLE_DEBUG_INFO = YES;
				ONLY_ACTIVE_ARCH = YES;
				SDKROOT = macosx;
				SWIFT_OPTIMIZATION_LEVEL = "-Onone";
			};
			name = Debug;
		};
		F288F77C19A4B2C200D73CBC /* Release */ = {
			isa = XCBuildConfiguration;
			buildSettings = {
				ALWAYS_SEARCH_USER_PATHS = NO;
				CLANG_CXX_LANGUAGE_STANDARD = "gnu++0x";
				CLANG_CXX_LIBRARY = "libc++";
				CLANG_ENABLE_MODULES = YES;
				CLANG_ENABLE_OBJC_ARC = YES;
				CLANG_WARN_BOOL_CONVERSION = YES;
				CLANG_WARN_CONSTANT_CONVERSION = YES;
				CLANG_WARN_DIRECT_OBJC_ISA_USAGE = YES_ERROR;
				CLANG_WARN_EMPTY_BODY = YES;
				CLANG_WARN_ENUM_CONVERSION = YES;
				CLANG_WARN_INT_CONVERSION = YES;
				CLANG_WARN_OBJC_ROOT_CLASS = YES_ERROR;
				CLANG_WARN_UNREACHABLE_CODE = YES;
				CLANG_WARN__DUPLICATE_METHOD_MATCH = YES;
				COPY_PHASE_STRIP = YES;
				DEBUG_INFORMATION_FORMAT = "dwarf-with-dsym";
				ENABLE_NS_ASSERTIONS = NO;
				ENABLE_STRICT_OBJC_MSGSEND = YES;
				GCC_C_LANGUAGE_STANDARD = gnu99;
				GCC_WARN_64_TO_32_BIT_CONVERSION = YES;
				GCC_WARN_ABOUT_RETURN_TYPE = YES_ERROR;
				GCC_WARN_UNDECLARED_SELECTOR = YES;
				GCC_WARN_UNINITIALIZED_AUTOS = YES_AGGRESSIVE;
				GCC_WARN_UNUSED_FUNCTION = YES;
				GCC_WARN_UNUSED_VARIABLE = YES;
				MACOSX_DEPLOYMENT_TARGET = 10.9;
				MTL_ENABLE_DEBUG_INFO = NO;
				SDKROOT = macosx;
			};
			name = Release;
		};
		F288F77E19A4B2C200D73CBC /* Debug */ = {
			isa = XCBuildConfiguration;
			buildSettings = {
				PRODUCT_NAME = "$(TARGET_NAME)";
			};
			name = Debug;
		};
		F288F77F19A4B2C200D73CBC /* Release */ = {
			isa = XCBuildConfiguration;
			buildSettings = {
				PRODUCT_NAME = "$(TARGET_NAME)";
			};
			name = Release;
		};
/* End XCBuildConfiguration section */

/* Begin XCConfigurationList section */
		F288F77119A4B2C200D73CBC /* Build configuration list for PBXProject "bscan" */ = {
			isa = XCConfigurationList;
			buildConfigurations = (
				F288F77B19A4B2C200D73CBC /* Debug */,
				F288F77C19A4B2C200D73CBC /* Release */,
			);
			defaultConfigurationIsVisible = 0;
			defaultConfigurationName = Release;
		};
		F288F77D19A4B2C200D73CBC /* Build configuration list for PBXNativeTarget "bscan" */ = {
			isa = XCConfigurationList;
			buildConfigurations = (
				F288F77E19A4B2C200D73CBC /* Debug */,
				F288F77F19A4B2C200D73CBC /* Release */,
			);
			defaultConfigurationIsVisible = 0;
		};
/* End XCConfigurationList section */
	};
	rootObject = F288F76E19A4B2C200D73CBC /* Project object */;
}
